// !$*UTF8*$!
{
	archiveVersion = 1;
	classes = {
	};
	objectVersion = 77;
	objects = {

/* Begin PBXContainerItemProxy section */
		A3A3ADE02CB586CD00BD5DF8 /* PBXContainerItemProxy */ = {
			isa = PBXContainerItemProxy;
			containerPortal = A3A3ADC72CB586CB00BD5DF8 /* Project object */;
			proxyType = 1;
			remoteGlobalIDString = A3A3ADCE2CB586CB00BD5DF8;
			remoteInfo = POO;
		};
		A3A3ADEA2CB586CD00BD5DF8 /* PBXContainerItemProxy */ = {
			isa = PBXContainerItemProxy;
			containerPortal = A3A3ADC72CB586CB00BD5DF8 /* Project object */;
			proxyType = 1;
			remoteGlobalIDString = A3A3ADCE2CB586CB00BD5DF8;
			remoteInfo = POO;
		};
/* End PBXContainerItemProxy section */

/* Begin PBXFileReference section */
		A3A3ADCF2CB586CB00BD5DF8 /* POO.app */ = {isa = PBXFileReference; explicitFileType = wrapper.application; includeInIndex = 0; path = POO.app; sourceTree = BUILT_PRODUCTS_DIR; };
		A3A3ADDF2CB586CD00BD5DF8 /* POOTests.xctest */ = {isa = PBXFileReference; explicitFileType = wrapper.cfbundle; includeInIndex = 0; path = POOTests.xctest; sourceTree = BUILT_PRODUCTS_DIR; };
		A3A3ADE92CB586CD00BD5DF8 /* POOUITests.xctest */ = {isa = PBXFileReference; explicitFileType = wrapper.cfbundle; includeInIndex = 0; path = POOUITests.xctest; sourceTree = BUILT_PRODUCTS_DIR; };
/* End PBXFileReference section */

/* Begin PBXFileSystemSynchronizedBuildFileExceptionSet section */
		A3C0410A2CB6E1B900D63158 /* Exceptions for "POOUITests" folder in "POOTests" target */ = {
			isa = PBXFileSystemSynchronizedBuildFileExceptionSet;
			membershipExceptions = (
				POOTests.swift,
			);
			target = A3A3ADDE2CB586CD00BD5DF8 /* POOTests */;
		};
		A3C0410B2CB6E1B900D63158 /* Exceptions for "POOUITests" folder in "POOUITests" target */ = {
			isa = PBXFileSystemSynchronizedBuildFileExceptionSet;
			membershipExceptions = (
				POOTests.swift,
			);
			target = A3A3ADE82CB586CD00BD5DF8 /* POOUITests */;
		};
/* End PBXFileSystemSynchronizedBuildFileExceptionSet section */

/* Begin PBXFileSystemSynchronizedRootGroup section */
		A3A3ADD12CB586CB00BD5DF8 /* POO */ = {
			isa = PBXFileSystemSynchronizedRootGroup;
			path = POO;
			sourceTree = "<group>";
		};
		A3A3ADE22CB586CD00BD5DF8 /* POOTests */ = {
			isa = PBXFileSystemSynchronizedRootGroup;
			path = POOTests;
			sourceTree = "<group>";
		};
		A3A3ADEC2CB586CD00BD5DF8 /* POOUITests */ = {
			isa = PBXFileSystemSynchronizedRootGroup;
			exceptions = (
				A3C0410A2CB6E1B900D63158 /* Exceptions for "POOUITests" folder in "POOTests" target */,
				A3C0410B2CB6E1B900D63158 /* Exceptions for "POOUITests" folder in "POOUITests" target */,
			);
			path = POOUITests;
			sourceTree = "<group>";
		};
/* End PBXFileSystemSynchronizedRootGroup section */

/* Begin PBXFrameworksBuildPhase section */
		A3A3ADCC2CB586CB00BD5DF8 /* Frameworks */ = {
			isa = PBXFrameworksBuildPhase;
			buildActionMask = 2147483647;
			files = (
			);
			runOnlyForDeploymentPostprocessing = 0;
		};
		A3A3ADDC2CB586CD00BD5DF8 /* Frameworks */ = {
			isa = PBXFrameworksBuildPhase;
			buildActionMask = 2147483647;
			files = (
			);
			runOnlyForDeploymentPostprocessing = 0;
		};
		A3A3ADE62CB586CD00BD5DF8 /* Frameworks */ = {
			isa = PBXFrameworksBuildPhase;
			buildActionMask = 2147483647;
			files = (
			);
			runOnlyForDeploymentPostprocessing = 0;
		};
/* End PBXFrameworksBuildPhase section */

/* Begin PBXGroup section */
		A3A3ADC62CB586CB00BD5DF8 = {
			isa = PBXGroup;
			children = (
				A3A3ADD12CB586CB00BD5DF8 /* POO */,
				A3A3ADE22CB586CD00BD5DF8 /* POOTests */,
				A3A3ADEC2CB586CD00BD5DF8 /* POOUITests */,
				A3A3ADD02CB586CB00BD5DF8 /* Products */,
			);
			sourceTree = "<group>";
		};
		A3A3ADD02CB586CB00BD5DF8 /* Products */ = {
			isa = PBXGroup;
			children = (
				A3A3ADCF2CB586CB00BD5DF8 /* POO.app */,
				A3A3ADDF2CB586CD00BD5DF8 /* POOTests.xctest */,
				A3A3ADE92CB586CD00BD5DF8 /* POOUITests.xctest */,
			);
			name = Products;
			sourceTree = "<group>";
		};
/* End PBXGroup section */

/* Begin PBXNativeTarget section */
		A3A3ADCE2CB586CB00BD5DF8 /* POO */ = {
			isa = PBXNativeTarget;
			buildConfigurationList = A3A3ADF32CB586CD00BD5DF8 /* Build configuration list for PBXNativeTarget "POO" */;
			buildPhases = (
				A3A3ADCB2CB586CB00BD5DF8 /* Sources */,
				A3A3ADCC2CB586CB00BD5DF8 /* Frameworks */,
				A3A3ADCD2CB586CB00BD5DF8 /* Resources */,
			);
			buildRules = (
			);
			dependencies = (
			);
			fileSystemSynchronizedGroups = (
				A3A3ADD12CB586CB00BD5DF8 /* POO */,
			);
			name = POO;
			packageProductDependencies = (
			);
			productName = POO;
			productReference = A3A3ADCF2CB586CB00BD5DF8 /* POO.app */;
			productType = "com.apple.product-type.application";
		};
		A3A3ADDE2CB586CD00BD5DF8 /* POOTests */ = {
			isa = PBXNativeTarget;
			buildConfigurationList = A3A3ADF62CB586CD00BD5DF8 /* Build configuration list for PBXNativeTarget "POOTests" */;
			buildPhases = (
				A3A3ADDB2CB586CD00BD5DF8 /* Sources */,
				A3A3ADDC2CB586CD00BD5DF8 /* Frameworks */,
				A3A3ADDD2CB586CD00BD5DF8 /* Resources */,
			);
			buildRules = (
			);
			dependencies = (
				A3A3ADE12CB586CD00BD5DF8 /* PBXTargetDependency */,
			);
			fileSystemSynchronizedGroups = (
				A3A3ADE22CB586CD00BD5DF8 /* POOTests */,
			);
			name = POOTests;
			packageProductDependencies = (
			);
			productName = POOTests;
			productReference = A3A3ADDF2CB586CD00BD5DF8 /* POOTests.xctest */;
			productType = "com.apple.product-type.bundle.unit-test";
		};
		A3A3ADE82CB586CD00BD5DF8 /* POOUITests */ = {
			isa = PBXNativeTarget;
			buildConfigurationList = A3A3ADF92CB586CD00BD5DF8 /* Build configuration list for PBXNativeTarget "POOUITests" */;
			buildPhases = (
				A3A3ADE52CB586CD00BD5DF8 /* Sources */,
				A3A3ADE62CB586CD00BD5DF8 /* Frameworks */,
				A3A3ADE72CB586CD00BD5DF8 /* Resources */,
			);
			buildRules = (
			);
			dependencies = (
				A3A3ADEB2CB586CD00BD5DF8 /* PBXTargetDependency */,
			);
			fileSystemSynchronizedGroups = (
				A3A3ADEC2CB586CD00BD5DF8 /* POOUITests */,
			);
			name = POOUITests;
			packageProductDependencies = (
			);
			productName = POOUITests;
			productReference = A3A3ADE92CB586CD00BD5DF8 /* POOUITests.xctest */;
			productType = "com.apple.product-type.bundle.ui-testing";
		};
/* End PBXNativeTarget section */

/* Begin PBXProject section */
		A3A3ADC72CB586CB00BD5DF8 /* Project object */ = {
			isa = PBXProject;
			attributes = {
				BuildIndependentTargetsInParallel = 1;
				LastSwiftUpdateCheck = 1600;
				LastUpgradeCheck = 1600;
				TargetAttributes = {
					A3A3ADCE2CB586CB00BD5DF8 = {
						CreatedOnToolsVersion = 16.0;
					};
					A3A3ADDE2CB586CD00BD5DF8 = {
						CreatedOnToolsVersion = 16.0;
						TestTargetID = A3A3ADCE2CB586CB00BD5DF8;
					};
					A3A3ADE82CB586CD00BD5DF8 = {
						CreatedOnToolsVersion = 16.0;
						TestTargetID = A3A3ADCE2CB586CB00BD5DF8;
					};
				};
			};
			buildConfigurationList = A3A3ADCA2CB586CB00BD5DF8 /* Build configuration list for PBXProject "POO" */;
			developmentRegion = en;
			hasScannedForEncodings = 0;
			knownRegions = (
				en,
				Base,
			);
			mainGroup = A3A3ADC62CB586CB00BD5DF8;
			minimizedProjectReferenceProxies = 1;
			preferredProjectObjectVersion = 77;
			productRefGroup = A3A3ADD02CB586CB00BD5DF8 /* Products */;
			projectDirPath = "";
			projectRoot = "";
			targets = (
				A3A3ADCE2CB586CB00BD5DF8 /* POO */,
				A3A3ADDE2CB586CD00BD5DF8 /* POOTests */,
				A3A3ADE82CB586CD00BD5DF8 /* POOUITests */,
			);
		};
/* End PBXProject section */

/* Begin PBXResourcesBuildPhase section */
		A3A3ADCD2CB586CB00BD5DF8 /* Resources */ = {
			isa = PBXResourcesBuildPhase;
			buildActionMask = 2147483647;
			files = (
			);
			runOnlyForDeploymentPostprocessing = 0;
		};
		A3A3ADDD2CB586CD00BD5DF8 /* Resources */ = {
			isa = PBXResourcesBuildPhase;
			buildActionMask = 2147483647;
			files = (
			);
			runOnlyForDeploymentPostprocessing = 0;
		};
		A3A3ADE72CB586CD00BD5DF8 /* Resources */ = {
			isa = PBXResourcesBuildPhase;
			buildActionMask = 2147483647;
			files = (
			);
			runOnlyForDeploymentPostprocessing = 0;
		};
/* End PBXResourcesBuildPhase section */

/* Begin PBXSourcesBuildPhase section */
		A3A3ADCB2CB586CB00BD5DF8 /* Sources */ = {
			isa = PBXSourcesBuildPhase;
			buildActionMask = 2147483647;
			files = (
			);
			runOnlyForDeploymentPostprocessing = 0;
		};
		A3A3ADDB2CB586CD00BD5DF8 /* Sources */ = {
			isa = PBXSourcesBuildPhase;
			buildActionMask = 2147483647;
			files = (
			);
			runOnlyForDeploymentPostprocessing = 0;
		};
		A3A3ADE52CB586CD00BD5DF8 /* Sources */ = {
			isa = PBXSourcesBuildPhase;
			buildActionMask = 2147483647;
			files = (
			);
			runOnlyForDeploymentPostprocessing = 0;
		};
/* End PBXSourcesBuildPhase section */

/* Begin PBXTargetDependency section */
		A3A3ADE12CB586CD00BD5DF8 /* PBXTargetDependency */ = {
			isa = PBXTargetDependency;
			target = A3A3ADCE2CB586CB00BD5DF8 /* POO */;
			targetProxy = A3A3ADE02CB586CD00BD5DF8 /* PBXContainerItemProxy */;
		};
		A3A3ADEB2CB586CD00BD5DF8 /* PBXTargetDependency */ = {
			isa = PBXTargetDependency;
			target = A3A3ADCE2CB586CB00BD5DF8 /* POO */;
			targetProxy = A3A3ADEA2CB586CD00BD5DF8 /* PBXContainerItemProxy */;
		};
/* End PBXTargetDependency section */

/* Begin XCBuildConfiguration section */
		A3A3ADF12CB586CD00BD5DF8 /* Debug */ = {
			isa = XCBuildConfiguration;
			buildSettings = {
				ALWAYS_SEARCH_USER_PATHS = NO;
				ASSETCATALOG_COMPILER_GENERATE_SWIFT_ASSET_SYMBOL_EXTENSIONS = YES;
				CLANG_ANALYZER_NONNULL = YES;
				CLANG_ANALYZER_NUMBER_OBJECT_CONVERSION = YES_AGGRESSIVE;
				CLANG_CXX_LANGUAGE_STANDARD = "gnu++20";
				CLANG_ENABLE_MODULES = YES;
				CLANG_ENABLE_OBJC_ARC = YES;
				CLANG_ENABLE_OBJC_WEAK = YES;
				CLANG_WARN_BLOCK_CAPTURE_AUTORELEASING = YES;
				CLANG_WARN_BOOL_CONVERSION = YES;
				CLANG_WARN_COMMA = YES;
				CLANG_WARN_CONSTANT_CONVERSION = YES;
				CLANG_WARN_DEPRECATED_OBJC_IMPLEMENTATIONS = YES;
				CLANG_WARN_DIRECT_OBJC_ISA_USAGE = YES_ERROR;
				CLANG_WARN_DOCUMENTATION_COMMENTS = YES;
				CLANG_WARN_EMPTY_BODY = YES;
				CLANG_WARN_ENUM_CONVERSION = YES;
				CLANG_WARN_INFINITE_RECURSION = YES;
				CLANG_WARN_INT_CONVERSION = YES;
				CLANG_WARN_NON_LITERAL_NULL_CONVERSION = YES;
				CLANG_WARN_OBJC_IMPLICIT_RETAIN_SELF = YES;
				CLANG_WARN_OBJC_LITERAL_CONVERSION = YES;
				CLANG_WARN_OBJC_ROOT_CLASS = YES_ERROR;
				CLANG_WARN_QUOTED_INCLUDE_IN_FRAMEWORK_HEADER = YES;
				CLANG_WARN_RANGE_LOOP_ANALYSIS = YES;
				CLANG_WARN_STRICT_PROTOTYPES = YES;
				CLANG_WARN_SUSPICIOUS_MOVE = YES;
				CLANG_WARN_UNGUARDED_AVAILABILITY = YES_AGGRESSIVE;
				CLANG_WARN_UNREACHABLE_CODE = YES;
				CLANG_WARN__DUPLICATE_METHOD_MATCH = YES;
				COPY_PHASE_STRIP = NO;
				DEBUG_INFORMATION_FORMAT = dwarf;
				ENABLE_STRICT_OBJC_MSGSEND = YES;
				ENABLE_TESTABILITY = YES;
				ENABLE_USER_SCRIPT_SANDBOXING = YES;
				GCC_C_LANGUAGE_STANDARD = gnu17;
				GCC_DYNAMIC_NO_PIC = NO;
				GCC_NO_COMMON_BLOCKS = YES;
				GCC_OPTIMIZATION_LEVEL = 0;
				GCC_PREPROCESSOR_DEFINITIONS = (
					"DEBUG=1",
					"$(inherited)",
				);
				GCC_WARN_64_TO_32_BIT_CONVERSION = YES;
				GCC_WARN_ABOUT_RETURN_TYPE = YES_ERROR;
				GCC_WARN_UNDECLARED_SELECTOR = YES;
				GCC_WARN_UNINITIALIZED_AUTOS = YES_AGGRESSIVE;
				GCC_WARN_UNUSED_FUNCTION = YES;
				GCC_WARN_UNUSED_VARIABLE = YES;
				IPHONEOS_DEPLOYMENT_TARGET = 18.0;
				LOCALIZATION_PREFERS_STRING_CATALOGS = YES;
				MTL_ENABLE_DEBUG_INFO = INCLUDE_SOURCE;
				MTL_FAST_MATH = YES;
				ONLY_ACTIVE_ARCH = YES;
				SDKROOT = iphoneos;
				SWIFT_ACTIVE_COMPILATION_CONDITIONS = "DEBUG $(inherited)";
				SWIFT_OPTIMIZATION_LEVEL = "-Onone";
			};
			name = Debug;
		};
		A3A3ADF22CB586CD00BD5DF8 /* Release */ = {
			isa = XCBuildConfiguration;
			buildSettings = {
				ALWAYS_SEARCH_USER_PATHS = NO;
				ASSETCATALOG_COMPILER_GENERATE_SWIFT_ASSET_SYMBOL_EXTENSIONS = YES;
				CLANG_ANALYZER_NONNULL = YES;
				CLANG_ANALYZER_NUMBER_OBJECT_CONVERSION = YES_AGGRESSIVE;
				CLANG_CXX_LANGUAGE_STANDARD = "gnu++20";
				CLANG_ENABLE_MODULES = YES;
				CLANG_ENABLE_OBJC_ARC = YES;
				CLANG_ENABLE_OBJC_WEAK = YES;
				CLANG_WARN_BLOCK_CAPTURE_AUTORELEASING = YES;
				CLANG_WARN_BOOL_CONVERSION = YES;
				CLANG_WARN_COMMA = YES;
				CLANG_WARN_CONSTANT_CONVERSION = YES;
				CLANG_WARN_DEPRECATED_OBJC_IMPLEMENTATIONS = YES;
				CLANG_WARN_DIRECT_OBJC_ISA_USAGE = YES_ERROR;
				CLANG_WARN_DOCUMENTATION_COMMENTS = YES;
				CLANG_WARN_EMPTY_BODY = YES;
				CLANG_WARN_ENUM_CONVERSION = YES;
				CLANG_WARN_INFINITE_RECURSION = YES;
				CLANG_WARN_INT_CONVERSION = YES;
				CLANG_WARN_NON_LITERAL_NULL_CONVERSION = YES;
				CLANG_WARN_OBJC_IMPLICIT_RETAIN_SELF = YES;
				CLANG_WARN_OBJC_LITERAL_CONVERSION = YES;
				CLANG_WARN_OBJC_ROOT_CLASS = YES_ERROR;
				CLANG_WARN_QUOTED_INCLUDE_IN_FRAMEWORK_HEADER = YES;
				CLANG_WARN_RANGE_LOOP_ANALYSIS = YES;
				CLANG_WARN_STRICT_PROTOTYPES = YES;
				CLANG_WARN_SUSPICIOUS_MOVE = YES;
				CLANG_WARN_UNGUARDED_AVAILABILITY = YES_AGGRESSIVE;
				CLANG_WARN_UNREACHABLE_CODE = YES;
				CLANG_WARN__DUPLICATE_METHOD_MATCH = YES;
				COPY_PHASE_STRIP = NO;
				DEBUG_INFORMATION_FORMAT = "dwarf-with-dsym";
				ENABLE_NS_ASSERTIONS = NO;
				ENABLE_STRICT_OBJC_MSGSEND = YES;
				ENABLE_USER_SCRIPT_SANDBOXING = YES;
				GCC_C_LANGUAGE_STANDARD = gnu17;
				GCC_NO_COMMON_BLOCKS = YES;
				GCC_WARN_64_TO_32_BIT_CONVERSION = YES;
				GCC_WARN_ABOUT_RETURN_TYPE = YES_ERROR;
				GCC_WARN_UNDECLARED_SELECTOR = YES;
				GCC_WARN_UNINITIALIZED_AUTOS = YES_AGGRESSIVE;
				GCC_WARN_UNUSED_FUNCTION = YES;
				GCC_WARN_UNUSED_VARIABLE = YES;
				IPHONEOS_DEPLOYMENT_TARGET = 18.0;
				LOCALIZATION_PREFERS_STRING_CATALOGS = YES;
				MTL_ENABLE_DEBUG_INFO = NO;
				MTL_FAST_MATH = YES;
				SDKROOT = iphoneos;
				SWIFT_COMPILATION_MODE = wholemodule;
				VALIDATE_PRODUCT = YES;
			};
			name = Release;
		};
		A3A3ADF42CB586CD00BD5DF8 /* Debug */ = {
			isa = XCBuildConfiguration;
			buildSettings = {
				ASSETCATALOG_COMPILER_APPICON_NAME = AppIcon;
				ASSETCATALOG_COMPILER_GLOBAL_ACCENT_COLOR_NAME = AccentColor;
				CODE_SIGN_STYLE = Automatic;
				CURRENT_PROJECT_VERSION = 1;
				DEVELOPMENT_ASSET_PATHS = "\"POO/Preview Content\"";
				DEVELOPMENT_TEAM = 63QSWLDV35;
				ENABLE_PREVIEWS = YES;
				GENERATE_INFOPLIST_FILE = YES;
				INFOPLIST_KEY_UIApplicationSceneManifest_Generation = YES;
				INFOPLIST_KEY_UIApplicationSupportsIndirectInputEvents = YES;
				INFOPLIST_KEY_UILaunchScreen_Generation = YES;
				INFOPLIST_KEY_UISupportedInterfaceOrientations_iPad = "UIInterfaceOrientationPortrait UIInterfaceOrientationPortraitUpsideDown UIInterfaceOrientationLandscapeLeft UIInterfaceOrientationLandscapeRight";
				INFOPLIST_KEY_UISupportedInterfaceOrientations_iPhone = "UIInterfaceOrientationPortrait UIInterfaceOrientationLandscapeLeft UIInterfaceOrientationLandscapeRight";
				LD_RUNPATH_SEARCH_PATHS = (
					"$(inherited)",
					"@executable_path/Frameworks",
				);
				MARKETING_VERSION = 1.0;
				PRODUCT_BUNDLE_IDENTIFIER = edu.org.POO;
				PRODUCT_NAME = "$(TARGET_NAME)";
				SWIFT_EMIT_LOC_STRINGS = YES;
				SWIFT_VERSION = 5.0;
				TARGETED_DEVICE_FAMILY = "1,2";
			};
			name = Debug;
		};
		A3A3ADF52CB586CD00BD5DF8 /* Release */ = {
			isa = XCBuildConfiguration;
			buildSettings = {
				ASSETCATALOG_COMPILER_APPICON_NAME = AppIcon;
				ASSETCATALOG_COMPILER_GLOBAL_ACCENT_COLOR_NAME = AccentColor;
				CODE_SIGN_STYLE = Automatic;
				CURRENT_PROJECT_VERSION = 1;
				DEVELOPMENT_ASSET_PATHS = "\"POO/Preview Content\"";
				DEVELOPMENT_TEAM = 63QSWLDV35;
				ENABLE_PREVIEWS = YES;
				GENERATE_INFOPLIST_FILE = YES;
				INFOPLIST_KEY_UIApplicationSceneManifest_Generation = YES;
				INFOPLIST_KEY_UIApplicationSupportsIndirectInputEvents = YES;
				INFOPLIST_KEY_UILaunchScreen_Generation = YES;
				INFOPLIST_KEY_UISupportedInterfaceOrientations_iPad = "UIInterfaceOrientationPortrait UIInterfaceOrientationPortraitUpsideDown UIInterfaceOrientationLandscapeLeft UIInterfaceOrientationLandscapeRight";
				INFOPLIST_KEY_UISupportedInterfaceOrientations_iPhone = "UIInterfaceOrientationPortrait UIInterfaceOrientationLandscapeLeft UIInterfaceOrientationLandscapeRight";
				LD_RUNPATH_SEARCH_PATHS = (
					"$(inherited)",
					"@executable_path/Frameworks",
				);
				MARKETING_VERSION = 1.0;
				PRODUCT_BUNDLE_IDENTIFIER = edu.org.POO;
				PRODUCT_NAME = "$(TARGET_NAME)";
				SWIFT_EMIT_LOC_STRINGS = YES;
				SWIFT_VERSION = 5.0;
				TARGETED_DEVICE_FAMILY = "1,2";
			};
			name = Release;
		};
		A3A3ADF72CB586CD00BD5DF8 /* Debug */ = {
			isa = XCBuildConfiguration;
			buildSettings = {
				BUNDLE_LOADER = "$(TEST_HOST)";
				CODE_SIGN_STYLE = Automatic;
				CURRENT_PROJECT_VERSION = 1;
				DEVELOPMENT_TEAM = 63QSWLDV35;
				GENERATE_INFOPLIST_FILE = YES;
				IPHONEOS_DEPLOYMENT_TARGET = 18.0;
				MARKETING_VERSION = 1.0;
				PRODUCT_BUNDLE_IDENTIFIER = edu.org.POOTests;
				PRODUCT_NAME = "$(TARGET_NAME)";
				SWIFT_EMIT_LOC_STRINGS = NO;
				SWIFT_VERSION = 5.0;
				TARGETED_DEVICE_FAMILY = "1,2";
				TEST_HOST = "$(BUILT_PRODUCTS_DIR)/POO.app/$(BUNDLE_EXECUTABLE_FOLDER_PATH)/POO";
			};
			name = Debug;
		};
		A3A3ADF82CB586CD00BD5DF8 /* Release */ = {
			isa = XCBuildConfiguration;
			buildSettings = {
				BUNDLE_LOADER = "$(TEST_HOST)";
				CODE_SIGN_STYLE = Automatic;
				CURRENT_PROJECT_VERSION = 1;
				DEVELOPMENT_TEAM = 63QSWLDV35;
				GENERATE_INFOPLIST_FILE = YES;
				IPHONEOS_DEPLOYMENT_TARGET = 18.0;
				MARKETING_VERSION = 1.0;
				PRODUCT_BUNDLE_IDENTIFIER = edu.org.POOTests;
				PRODUCT_NAME = "$(TARGET_NAME)";
				SWIFT_EMIT_LOC_STRINGS = NO;
				SWIFT_VERSION = 5.0;
				TARGETED_DEVICE_FAMILY = "1,2";
				TEST_HOST = "$(BUILT_PRODUCTS_DIR)/POO.app/$(BUNDLE_EXECUTABLE_FOLDER_PATH)/POO";
			};
			name = Release;
		};
		A3A3ADFA2CB586CD00BD5DF8 /* Debug */ = {
			isa = XCBuildConfiguration;
			buildSettings = {
				CODE_SIGN_STYLE = Automatic;
				CURRENT_PROJECT_VERSION = 1;
				DEVELOPMENT_TEAM = 63QSWLDV35;
				GENERATE_INFOPLIST_FILE = YES;
				MARKETING_VERSION = 1.0;
				PRODUCT_BUNDLE_IDENTIFIER = edu.org.POOUITests;
				PRODUCT_NAME = "$(TARGET_NAME)";
				SWIFT_EMIT_LOC_STRINGS = NO;
				SWIFT_VERSION = 5.0;
				TARGETED_DEVICE_FAMILY = "1,2";
				TEST_TARGET_NAME = POO;
			};
			name = Debug;
		};
		A3A3ADFB2CB586CD00BD5DF8 /* Release */ = {
			isa = XCBuildConfiguration;
			buildSettings = {
				CODE_SIGN_STYLE = Automatic;
				CURRENT_PROJECT_VERSION = 1;
				DEVELOPMENT_TEAM = 63QSWLDV35;
				GENERATE_INFOPLIST_FILE = YES;
				MARKETING_VERSION = 1.0;
				PRODUCT_BUNDLE_IDENTIFIER = edu.org.POOUITests;
				PRODUCT_NAME = "$(TARGET_NAME)";
				SWIFT_EMIT_LOC_STRINGS = NO;
				SWIFT_VERSION = 5.0;
				TARGETED_DEVICE_FAMILY = "1,2";
				TEST_TARGET_NAME = POO;
			};
			name = Release;
		};
/* End XCBuildConfiguration section */

/* Begin XCConfigurationList section */
		A3A3ADCA2CB586CB00BD5DF8 /* Build configuration list for PBXProject "POO" */ = {
			isa = XCConfigurationList;
			buildConfigurations = (
				A3A3ADF12CB586CD00BD5DF8 /* Debug */,
				A3A3ADF22CB586CD00BD5DF8 /* Release */,
			);
			defaultConfigurationIsVisible = 0;
			defaultConfigurationName = Release;
		};
		A3A3ADF32CB586CD00BD5DF8 /* Build configuration list for PBXNativeTarget "POO" */ = {
			isa = XCConfigurationList;
			buildConfigurations = (
				A3A3ADF42CB586CD00BD5DF8 /* Debug */,
				A3A3ADF52CB586CD00BD5DF8 /* Release */,
			);
			defaultConfigurationIsVisible = 0;
			defaultConfigurationName = Release;
		};
		A3A3ADF62CB586CD00BD5DF8 /* Build configuration list for PBXNativeTarget "POOTests" */ = {
			isa = XCConfigurationList;
			buildConfigurations = (
				A3A3ADF72CB586CD00BD5DF8 /* Debug */,
				A3A3ADF82CB586CD00BD5DF8 /* Release */,
			);
			defaultConfigurationIsVisible = 0;
			defaultConfigurationName = Release;
		};
		A3A3ADF92CB586CD00BD5DF8 /* Build configuration list for PBXNativeTarget "POOUITests" */ = {
			isa = XCConfigurationList;
			buildConfigurations = (
				A3A3ADFA2CB586CD00BD5DF8 /* Debug */,
				A3A3ADFB2CB586CD00BD5DF8 /* Release */,
			);
			defaultConfigurationIsVisible = 0;
			defaultConfigurationName = Release;
		};
/* End XCConfigurationList section */
	};
	rootObject = A3A3ADC72CB586CB00BD5DF8 /* Project object */;
}
